
Microsoft Visual Studio Solution File, Format Version 12.00
# Visual Studio 15
VisualStudioVersion = 15.0.28307.1267
MinimumVisualStudioVersion = 10.0.40219.1
Project("{FAE04EC0-301F-11D3-BF4B-00C04F79EFBC}") = "layui", "layui\layui.csproj", "{5BE8BD93-9F6A-4F38-B773-E752C9984D25}"
EndProject
Global
	GlobalSection(SolutionConfigurationPlatforms) = preSolution
		Debug|Any CPU = Debug|Any CPU
		Release|Any CPU = Release|Any CPU
	EndGlobalSection
	GlobalSection(ProjectConfigurationPlatforms) = postSolution
		{5BE8BD93-9F6A-4F38-B773-E752C9984D25}.Debug|Any CPU.ActiveCfg = Debug|Any CPU
		{5BE8BD93-9F6A-4F38-B773-E752C9984D25}.Debug|Any CPU.Build.0 = Debug|Any CPU
		{5BE8BD93-9F6A-4F38-B773-E752C9984D25}.Release|Any CPU.ActiveCfg = Release|Any CPU
		{5BE8BD93-9F6A-4F38-B773-E752C9984D25}.Release|Any CPU.Build.0 = Release|Any CPU
	EndGlobalSection
	GlobalSection(SolutionProperties) = preSolution
		HideSolutionNode = FALSE
	EndGlobalSection
	GlobalSection(ExtensibilityGlobals) = postSolution
		SolutionGuid = {186F789B-E486-490D-B871-EAFF25B6A552}
	EndGlobalSection
EndGlobal
